// !$*UTF8*$!
{
	archiveVersion = 1;
	classes = {
	};
	objectVersion = 56;
	objects = {

/* Begin PBXBuildFile section */
		1A2B3C4D5E6F7G8H9I0J1K2L /* LottieLabApp.swift in Sources */ = {isa = PBXBuildFile; fileRef = 1A2B3C4D5E6F7G8H9I0J1K2M /* LottieLabApp.swift */; };
		1A2B3C4D5E6F7G8H9I0J1K2N /* ContentView.swift in Sources */ = {isa = PBXBuildFile; fileRef = 1A2B3C4D5E6F7G8H9I0J1K2O /* ContentView.swift */; };
		1A2B3C4D5E6F7G8H9I0J1K2P /* Assets.xcassets in Resources */ = {isa = PBXBuildFile; fileRef = 1A2B3C4D5E6F7G8H9I0J1K2Q /* Assets.xcassets */; };
		1A2B3C4D5E6F7G8H9I0J1K2R /* Preview Assets.xcassets in Resources */ = {isa = PBXBuildFile; fileRef = 1A2B3C4D5E6F7G8H9I0J1K2S /* Preview Assets.xcassets */; };
		1A2B3C4D5E6F7G8H9I0J1K2X /* FileManager+Extensions.swift in Sources */ = {isa = PBXBuildFile; fileRef = 1A2B3C4D5E6F7G8H9I0J1K2Y /* FileManager+Extensions.swift */; };
		1A2B3C4D5E6F7G8H9I0J1K2Z /* Lottie in Frameworks */ = {isa = PBXBuildFile; productRef = 1A2B3C4D5E6F7G8H9I0J1K30 /* Lottie */; };
		1A2B3C4D5E6F7G8H9I0J1K34 /* BundledAnimationsView.swift in Sources */ = {isa = PBXBuildFile; fileRef = 1A2B3C4D5E6F7G8H9I0J1K35 /* BundledAnimationsView.swift */; };
		1A2B3C4D5E6F7G8H9I0J1K36 /* MainExportView.swift in Sources */ = {isa = PBXBuildFile; fileRef = 1A2B3C4D5E6F7G8H9I0J1K37 /* MainExportView.swift */; };
		1A2B3C4D5E6F7G8H9I0J1K40 /* LottieAnalyzer.swift in Sources */ = {isa = PBXBuildFile; fileRef = 1A2B3C4D5E6F7G8H9I0J1K41 /* LottieAnalyzer.swift */; };
		1A2B3C4D5E6F7G8H9I0J1K43 /* EditPropertiesSheet.swift in Sources */ = {isa = PBXBuildFile; fileRef = 1A2B3C4D5E6F7G8H9I0J1K44 /* EditPropertiesSheet.swift */; };
		2B3C4D5E6F7G8H9I0J1K2L01 /* LottieView.swift in Sources */ = {isa = PBXBuildFile; fileRef = 2B3C4D5E6F7G8H9I0J1K2L04 /* LottieView.swift */; };
		2B3C4D5E6F7G8H9I0J1K2L02 /* LottieLabSmokeTests.swift in Sources */ = {isa = PBXBuildFile; fileRef = 2B3C4D5E6F7G8H9I0J1K2L03 /* LottieLabSmokeTests.swift */; };
		E132CA2B2DE4B3F70085A116 /* note_outline_music_sa_outline_to_fill_28.json  in Resources */ = {isa = PBXBuildFile; fileRef = E132CA2A2DE4B3F70085A116 /* note_outline_music_sa_outline_to_fill_28.json  */; };
		E132CA312DE4C4340085A116 /* compass_music_sa_outline_to_fill_28 2.json in Resources */ = {isa = PBXBuildFile; fileRef = E132CA302DE4C4340085A116 /* compass_music_sa_outline_to_fill_28 2.json */; };
		E132CA362DE4C7950085A116 /* horse_toy_outline_music_sa_outline_to_fill_28.json in Resources */ = {isa = PBXBuildFile; fileRef = E132CA332DE4C7950085A116 /* horse_toy_outline_music_sa_outline_to_fill_28.json */; };
		E132CA372DE4C7950085A116 /* podcast_books_outline_music_sa_outline_to_fill_28.json in Resources */ = {isa = PBXBuildFile; fileRef = E132CA342DE4C7950085A116 /* podcast_books_outline_music_sa_outline_to_fill_28.json */; };
		E132CA382DE4C7950085A116 /* radio_outline_music_sa_outline_to_fill_28.json in Resources */ = {isa = PBXBuildFile; fileRef = E132CA352DE4C7950085A116 /* radio_outline_music_sa_outline_to_fill_28.json */; };
		E132CA392DE4C7950085A116 /* heart_list_music_sa_outline_to_fill_28.json in Resources */ = {isa = PBXBuildFile; fileRef = E132CA322DE4C7950085A116 /* heart_list_music_sa_outline_to_fill_28.json */; };
/* End PBXBuildFile section */

/* Begin PBXContainerItemProxy section */
		2B3C4D5E6F7G8H9I0J1K2L0B /* PBXContainerItemProxy */ = {
			isa = PBXContainerItemProxy;
			containerPortal = 1A2B3C4D5E6F7G8H9I0J1K22 /* Project object */;
			proxyType = 1;
			remoteGlobalIDString = 1A2B3C4D5E6F7G8H9I0J1K29;
			remoteInfo = LottieLab;
		};
/* End PBXContainerItemProxy section */

/* Begin PBXFileReference section */
		1A2B3C4D5E6F7G8H9I0J1K2A /* LottieLab.app */ = {isa = PBXFileReference; explicitFileType = wrapper.application; includeInIndex = 0; path = LottieLab.app; sourceTree = BUILT_PRODUCTS_DIR; };
		1A2B3C4D5E6F7G8H9I0J1K2M /* LottieLabApp.swift */ = {isa = PBXFileReference; lastKnownFileType = sourcecode.swift; path = LottieLabApp.swift; sourceTree = "<group>"; };
		1A2B3C4D5E6F7G8H9I0J1K2O /* ContentView.swift */ = {isa = PBXFileReference; lastKnownFileType = sourcecode.swift; path = ContentView.swift; sourceTree = "<group>"; };
		1A2B3C4D5E6F7G8H9I0J1K2Q /* Assets.xcassets */ = {isa = PBXFileReference; lastKnownFileType = folder.assetcatalog; path = Assets.xcassets; sourceTree = "<group>"; };
		1A2B3C4D5E6F7G8H9I0J1K2S /* Preview Assets.xcassets */ = {isa = PBXFileReference; lastKnownFileType = folder.assetcatalog; path = "Preview Assets.xcassets"; sourceTree = "<group>"; };
		1A2B3C4D5E6F7G8H9I0J1K2U /* AnimationPlayerView.swift */ = {isa = PBXFileReference; lastKnownFileType = sourcecode.swift; path = AnimationPlayerView.swift; sourceTree = "<group>"; };
		1A2B3C4D5E6F7G8H9I0J1K2W /* AnimationEditorView.swift */ = {isa = PBXFileReference; lastKnownFileType = sourcecode.swift; path = AnimationEditorView.swift; sourceTree = "<group>"; };
		1A2B3C4D5E6F7G8H9I0J1K2Y /* FileManager+Extensions.swift */ = {isa = PBXFileReference; lastKnownFileType = sourcecode.swift; path = "FileManager+Extensions.swift"; sourceTree = "<group>"; };
		1A2B3C4D5E6F7G8H9I0J1K35 /* BundledAnimationsView.swift */ = {isa = PBXFileReference; lastKnownFileType = sourcecode.swift; path = BundledAnimationsView.swift; sourceTree = "<group>"; };
		1A2B3C4D5E6F7G8H9I0J1K37 /* MainExportView.swift */ = {isa = PBXFileReference; lastKnownFileType = sourcecode.swift; path = MainExportView.swift; sourceTree = "<group>"; };
		1A2B3C4D5E6F7G8H9I0J1K41 /* LottieAnalyzer.swift */ = {isa = PBXFileReference; lastKnownFileType = sourcecode.swift; path = LottieAnalyzer.swift; sourceTree = "<group>"; };
		1A2B3C4D5E6F7G8H9I0J1K44 /* EditPropertiesSheet.swift */ = {isa = PBXFileReference; lastKnownFileType = sourcecode.swift; path = EditPropertiesSheet.swift; sourceTree = "<group>"; };
		2B3C4D5E6F7G8H9I0J1K2L03 /* LottieLabSmokeTests.swift */ = {isa = PBXFileReference; lastKnownFileType = sourcecode.swift; path = LottieLabSmokeTests.swift; sourceTree = "<group>"; };
		2B3C4D5E6F7G8H9I0J1K2L04 /* LottieView.swift */ = {isa = PBXFileReference; lastKnownFileType = sourcecode.swift; path = LottieView.swift; sourceTree = "<group>"; };
		2B3C4D5E6F7G8H9I0J1K2L05 /* LottieLabTests.xctest */ = {isa = PBXFileReference; explicitFileType = wrapper.cfbundle; includeInIndex = 0; path = LottieLabTests.xctest; sourceTree = BUILT_PRODUCTS_DIR; };
		E132CA2A2DE4B3F70085A116 /* note_outline_music_sa_outline_to_fill_28.json  */ = {isa = PBXFileReference; lastKnownFileType = text; path = "note_outline_music_sa_outline_to_fill_28.json "; sourceTree = "<group>"; };
		E132CA302DE4C4340085A116 /* compass_music_sa_outline_to_fill_28 2.json */ = {isa = PBXFileReference; lastKnownFileType = text.json; path = "compass_music_sa_outline_to_fill_28 2.json"; sourceTree = "<group>"; };
		E132CA322DE4C7950085A116 /* heart_list_music_sa_outline_to_fill_28.json */ = {isa = PBXFileReference; lastKnownFileType = text.json; path = heart_list_music_sa_outline_to_fill_28.json; sourceTree = "<group>"; };
		E132CA332DE4C7950085A116 /* horse_toy_outline_music_sa_outline_to_fill_28.json */ = {isa = PBXFileReference; lastKnownFileType = text.json; path = horse_toy_outline_music_sa_outline_to_fill_28.json; sourceTree = "<group>"; };
		E132CA342DE4C7950085A116 /* podcast_books_outline_music_sa_outline_to_fill_28.json */ = {isa = PBXFileReference; lastKnownFileType = text.json; path = podcast_books_outline_music_sa_outline_to_fill_28.json; sourceTree = "<group>"; };
		E132CA352DE4C7950085A116 /* radio_outline_music_sa_outline_to_fill_28.json */ = {isa = PBXFileReference; lastKnownFileType = text.json; path = radio_outline_music_sa_outline_to_fill_28.json; sourceTree = "<group>"; };
/* End PBXFileReference section */

/* Begin PBXFrameworksBuildPhase section */
		1A2B3C4D5E6F7G8H9I0J1K27 /* Frameworks */ = {
			isa = PBXFrameworksBuildPhase;
			buildActionMask = 2147483647;
			files = (
				1A2B3C4D5E6F7G8H9I0J1K2Z /* Lottie in Frameworks */,
			);
			runOnlyForDeploymentPostprocessing = 0;
		};
		2B3C4D5E6F7G8H9I0J1K2L06 /* Frameworks */ = {
			isa = PBXFrameworksBuildPhase;
			buildActionMask = 2147483647;
			files = (
			);
			runOnlyForDeploymentPostprocessing = 0;
		};
/* End PBXFrameworksBuildPhase section */

/* Begin PBXGroup section */
		1A2B3C4D5E6F7G8H9I0J1K21 = {
			isa = PBXGroup;
			children = (
				1A2B3C4D5E6F7G8H9I0J1K2C /* LottieLab */,
				2B3C4D5E6F7G8H9I0J1K2L09 /* LottieLabTests */,
				1A2B3C4D5E6F7G8H9I0J1K2B /* Products */,
			);
			sourceTree = "<group>";
		};
		1A2B3C4D5E6F7G8H9I0J1K2B /* Products */ = {
			isa = PBXGroup;
			children = (
				1A2B3C4D5E6F7G8H9I0J1K2A /* LottieLab.app */,
				2B3C4D5E6F7G8H9I0J1K2L05 /* LottieLabTests.xctest */,
			);
			name = Products;
			sourceTree = "<group>";
		};
		1A2B3C4D5E6F7G8H9I0J1K2C /* LottieLab */ = {
			isa = PBXGroup;
			children = (
				1A2B3C4D5E6F7G8H9I0J1K31 /* Views */,
				1A2B3C4D5E6F7G8H9I0J1K32 /* Extensions */,
				1A2B3C4D5E6F7G8H9I0J1K42 /* Models */,
				1A2B3C4D5E6F7G8H9I0J1K2M /* LottieLabApp.swift */,
				1A2B3C4D5E6F7G8H9I0J1K2O /* ContentView.swift */,
				1A2B3C4D5E6F7G8H9I0J1K2Q /* Assets.xcassets */,
				1A2B3C4D5E6F7G8H9I0J1K2D /* Preview Content */,
			);
			path = LottieLab;
			sourceTree = "<group>";
		};
		1A2B3C4D5E6F7G8H9I0J1K2D /* Preview Content */ = {
			isa = PBXGroup;
			children = (
				1A2B3C4D5E6F7G8H9I0J1K2S /* Preview Assets.xcassets */,
				E132CA322DE4C7950085A116 /* heart_list_music_sa_outline_to_fill_28.json */,
				E132CA332DE4C7950085A116 /* horse_toy_outline_music_sa_outline_to_fill_28.json */,
				E132CA342DE4C7950085A116 /* podcast_books_outline_music_sa_outline_to_fill_28.json */,
				E132CA352DE4C7950085A116 /* radio_outline_music_sa_outline_to_fill_28.json */,
				E132CA302DE4C4340085A116 /* compass_music_sa_outline_to_fill_28 2.json */,
				E132CA2A2DE4B3F70085A116 /* note_outline_music_sa_outline_to_fill_28.json  */,
			);
			path = "Preview Content";
			sourceTree = "<group>";
		};
		1A2B3C4D5E6F7G8H9I0J1K31 /* Views */ = {
			isa = PBXGroup;
			children = (
				2B3C4D5E6F7G8H9I0J1K2L10 /* Legacy */,
				2B3C4D5E6F7G8H9I0J1K2L04 /* LottieView.swift */,
				1A2B3C4D5E6F7G8H9I0J1K35 /* BundledAnimationsView.swift */,
				1A2B3C4D5E6F7G8H9I0J1K37 /* MainExportView.swift */,
				1A2B3C4D5E6F7G8H9I0J1K44 /* EditPropertiesSheet.swift */,
			);
			path = Views;
			sourceTree = "<group>";
		};
		2B3C4D5E6F7G8H9I0J1K2L09 /* LottieLabTests */ = {
			isa = PBXGroup;
			children = (
				2B3C4D5E6F7G8H9I0J1K2L03 /* LottieLabSmokeTests.swift */,
			);
			path = LottieLabTests;
			sourceTree = "<group>";
		};
		2B3C4D5E6F7G8H9I0J1K2L10 /* Legacy */ = {
			isa = PBXGroup;
			children = (
				1A2B3C4D5E6F7G8H9I0J1K2U /* AnimationPlayerView.swift */,
				1A2B3C4D5E6F7G8H9I0J1K2W /* AnimationEditorView.swift */,
			);
			name = Legacy;
			sourceTree = "<group>";
		};
		1A2B3C4D5E6F7G8H9I0J1K32 /* Extensions */ = {
			isa = PBXGroup;
			children = (
				1A2B3C4D5E6F7G8H9I0J1K2Y /* FileManager+Extensions.swift */,
			);
			path = Extensions;
			sourceTree = "<group>";
		};
		1A2B3C4D5E6F7G8H9I0J1K42 /* Models */ = {
			isa = PBXGroup;
			children = (
				1A2B3C4D5E6F7G8H9I0J1K41 /* LottieAnalyzer.swift */,
			);
			path = Models;
			sourceTree = "<group>";
		};
/* End PBXGroup section */

/* Begin PBXNativeTarget section */
		1A2B3C4D5E6F7G8H9I0J1K29 /* LottieLab */ = {
			isa = PBXNativeTarget;
			buildConfigurationList = 1A2B3C4D5E6F7G8H9I0J1K2E /* Build configuration list for PBXNativeTarget "LottieLab" */;
			buildPhases = (
				1A2B3C4D5E6F7G8H9I0J1K26 /* Sources */,
				1A2B3C4D5E6F7G8H9I0J1K27 /* Frameworks */,
				1A2B3C4D5E6F7G8H9I0J1K28 /* Resources */,
			);
			buildRules = (
			);
			dependencies = (
			);
			name = LottieLab;
			packageProductDependencies = (
				1A2B3C4D5E6F7G8H9I0J1K30 /* Lottie */,
			);
			productName = LottieLab;
			productReference = 1A2B3C4D5E6F7G8H9I0J1K2A /* LottieLab.app */;
			productType = "com.apple.product-type.application";
		};
		2B3C4D5E6F7G8H9I0J1K2L3M4 /* LottieLabTests */ = {
			isa = PBXNativeTarget;
			buildConfigurationList = 2B3C4D5E6F7G8H9I0J1K2L0F /* Build configuration list for PBXNativeTarget "LottieLabTests" */;
			buildPhases = (
				2B3C4D5E6F7G8H9I0J1K2L08 /* Sources */,
				2B3C4D5E6F7G8H9I0J1K2L06 /* Frameworks */,
				2B3C4D5E6F7G8H9I0J1K2L07 /* Resources */,
			);
			buildRules = (
			);
			dependencies = (
				2B3C4D5E6F7G8H9I0J1K2L0C /* PBXTargetDependency */,
			);
			name = LottieLabTests;
			productName = LottieLabTests;
			productReference = 2B3C4D5E6F7G8H9I0J1K2L05 /* LottieLabTests.xctest */;
			productType = "com.apple.product-type.bundle.unit-test";
		};
/* End PBXNativeTarget section */

/* Begin PBXProject section */
		1A2B3C4D5E6F7G8H9I0J1K22 /* Project object */ = {
			isa = PBXProject;
			attributes = {
				BuildIndependentTargetsInParallel = 1;
				LastSwiftUpdateCheck = 1540;
				LastUpgradeCheck = 1540;
				TargetAttributes = {
					1A2B3C4D5E6F7G8H9I0J1K29 = {
						CreatedOnToolsVersion = 15.4;
					};
					2B3C4D5E6F7G8H9I0J1K2L3M4 = {
						CreatedOnToolsVersion = 15.4;
						TestTargetID = 1A2B3C4D5E6F7G8H9I0J1K29;
					};
				};
			};
			buildConfigurationList = 1A2B3C4D5E6F7G8H9I0J1K25 /* Build configuration list for PBXProject "LottieLab" */;
			compatibilityVersion = "Xcode 14.0";
			developmentRegion = en;
			hasScannedForEncodings = 0;
			knownRegions = (
				en,
				Base,
			);
			mainGroup = 1A2B3C4D5E6F7G8H9I0J1K21;
			packageReferences = (
				1A2B3C4D5E6F7G8H9I0J1K33 /* XCRemoteSwiftPackageReference "lottie-ios" */,
			);
			productRefGroup = 1A2B3C4D5E6F7G8H9I0J1K2B /* Products */;
			projectDirPath = "";
			projectRoot = "";
			targets = (
				1A2B3C4D5E6F7G8H9I0J1K29 /* LottieLab */,
				2B3C4D5E6F7G8H9I0J1K2L3M4 /* LottieLabTests */,
			);
		};
/* End PBXProject section */

/* Begin PBXResourcesBuildPhase section */
		1A2B3C4D5E6F7G8H9I0J1K28 /* Resources */ = {
			isa = PBXResourcesBuildPhase;
			buildActionMask = 2147483647;
			files = (
				1A2B3C4D5E6F7G8H9I0J1K2R /* Preview Assets.xcassets in Resources */,
				E132CA362DE4C7950085A116 /* horse_toy_outline_music_sa_outline_to_fill_28.json in Resources */,
				E132CA372DE4C7950085A116 /* podcast_books_outline_music_sa_outline_to_fill_28.json in Resources */,
				E132CA382DE4C7950085A116 /* radio_outline_music_sa_outline_to_fill_28.json in Resources */,
				E132CA392DE4C7950085A116 /* heart_list_music_sa_outline_to_fill_28.json in Resources */,
				E132CA312DE4C4340085A116 /* compass_music_sa_outline_to_fill_28 2.json in Resources */,
				1A2B3C4D5E6F7G8H9I0J1K2P /* Assets.xcassets in Resources */,
				E132CA2B2DE4B3F70085A116 /* note_outline_music_sa_outline_to_fill_28.json  in Resources */,
			);
			runOnlyForDeploymentPostprocessing = 0;
		};
		2B3C4D5E6F7G8H9I0J1K2L07 /* Resources */ = {
			isa = PBXResourcesBuildPhase;
			buildActionMask = 2147483647;
			files = (
			);
			runOnlyForDeploymentPostprocessing = 0;
		};
/* End PBXResourcesBuildPhase section */

/* Begin PBXSourcesBuildPhase section */
		1A2B3C4D5E6F7G8H9I0J1K26 /* Sources */ = {
			isa = PBXSourcesBuildPhase;
			buildActionMask = 2147483647;
			files = (
				1A2B3C4D5E6F7G8H9I0J1K2N /* ContentView.swift in Sources */,
				2B3C4D5E6F7G8H9I0J1K2L01 /* LottieView.swift in Sources */,
				1A2B3C4D5E6F7G8H9I0J1K34 /* BundledAnimationsView.swift in Sources */,
				1A2B3C4D5E6F7G8H9I0J1K36 /* MainExportView.swift in Sources */,
				1A2B3C4D5E6F7G8H9I0J1K40 /* LottieAnalyzer.swift in Sources */,
				1A2B3C4D5E6F7G8H9I0J1K2X /* FileManager+Extensions.swift in Sources */,
				1A2B3C4D5E6F7G8H9I0J1K2L /* LottieLabApp.swift in Sources */,
				1A2B3C4D5E6F7G8H9I0J1K43 /* EditPropertiesSheet.swift in Sources */,
			);
			runOnlyForDeploymentPostprocessing = 0;
		};
		2B3C4D5E6F7G8H9I0J1K2L08 /* Sources */ = {
			isa = PBXSourcesBuildPhase;
			buildActionMask = 2147483647;
			files = (
				2B3C4D5E6F7G8H9I0J1K2L02 /* LottieLabSmokeTests.swift in Sources */,
			);
			runOnlyForDeploymentPostprocessing = 0;
		};
/* End PBXSourcesBuildPhase section */

/* Begin PBXTargetDependency section */
		2B3C4D5E6F7G8H9I0J1K2L0C /* PBXTargetDependency */ = {
			isa = PBXTargetDependency;
			target = 1A2B3C4D5E6F7G8H9I0J1K29 /* LottieLab */;
			targetProxy = 2B3C4D5E6F7G8H9I0J1K2L0B /* PBXContainerItemProxy */;
		};
/* End PBXTargetDependency section */

/* Begin XCBuildConfiguration section */
		1A2B3C4D5E6F7G8H9I0J1K2F /* Debug */ = {
			isa = XCBuildConfiguration;
			buildSettings = {
				ALWAYS_SEARCH_USER_PATHS = NO;
				ASSETCATALOG_COMPILER_GENERATE_SWIFT_ASSET_SYMBOL_EXTENSIONS = YES;
				CLANG_ANALYZER_NONNULL = YES;
				CLANG_ANALYZER_NUMBER_OBJECT_CONVERSION = YES_AGGRESSIVE;
				CLANG_CXX_LANGUAGE_STANDARD = "gnu++20";
				CLANG_ENABLE_MODULES = YES;
				CLANG_ENABLE_OBJC_ARC = YES;
				CLANG_ENABLE_OBJC_WEAK = YES;
				CLANG_WARN_BLOCK_CAPTURE_AUTORELEASING = YES;
				CLANG_WARN_BOOL_CONVERSION = YES;
				CLANG_WARN_COMMA = YES;
				CLANG_WARN_CONSTANT_CONVERSION = YES;
				CLANG_WARN_DEPRECATED_OBJC_IMPLEMENTATIONS = YES;
				CLANG_WARN_DIRECT_OBJC_ISA_USAGE = YES_ERROR;
				CLANG_WARN_DOCUMENTATION_COMMENTS = YES;
				CLANG_WARN_EMPTY_BODY = YES;
				CLANG_WARN_ENUM_CONVERSION = YES;
				CLANG_WARN_INFINITE_RECURSION = YES;
				CLANG_WARN_INT_CONVERSION = YES;
				CLANG_WARN_NON_LITERAL_NULL_CONVERSION = YES;
				CLANG_WARN_OBJC_IMPLICIT_RETAIN_SELF = YES;
				CLANG_WARN_OBJC_LITERAL_CONVERSION = YES;
				CLANG_WARN_OBJC_ROOT_CLASS = YES_ERROR;
				CLANG_WARN_QUOTED_INCLUDE_IN_FRAMEWORK_HEADER = YES;
				CLANG_WARN_RANGE_LOOP_ANALYSIS = YES;
				CLANG_WARN_STRICT_PROTOTYPES = YES;
				CLANG_WARN_SUSPICIOUS_MOVE = YES;
				CLANG_WARN_UNGUARDED_AVAILABILITY = YES_AGGRESSIVE;
				CLANG_WARN_UNREACHABLE_CODE = YES;
				CLANG_WARN__DUPLICATE_METHOD_MATCH = YES;
				COPY_PHASE_STRIP = NO;
				DEBUG_INFORMATION_FORMAT = dwarf;
				ENABLE_STRICT_OBJC_MSGSEND = YES;
				ENABLE_TESTABILITY = YES;
				ENABLE_USER_SCRIPT_SANDBOXING = YES;
				GCC_C_LANGUAGE_STANDARD = gnu17;
				GCC_DYNAMIC_NO_PIC = NO;
				GCC_NO_COMMON_BLOCKS = YES;
				GCC_OPTIMIZATION_LEVEL = 0;
				GCC_PREPROCESSOR_DEFINITIONS = (
					"DEBUG=1",
					"$(inherited)",
				);
				GCC_WARN_64_TO_32_BIT_CONVERSION = YES;
				GCC_WARN_ABOUT_RETURN_TYPE = YES_ERROR;
				GCC_WARN_UNDECLARED_SELECTOR = YES;
				GCC_WARN_UNINITIALIZED_AUTOS = YES_AGGRESSIVE;
				GCC_WARN_UNUSED_FUNCTION = YES;
				GCC_WARN_UNUSED_VARIABLE = YES;
				IPHONEOS_DEPLOYMENT_TARGET = 17.5;
				LOCALIZATION_PREFERS_STRING_CATALOGS = YES;
				MTL_ENABLE_DEBUG_INFO = INCLUDE_SOURCE;
				MTL_FAST_MATH = YES;
				ONLY_ACTIVE_ARCH = YES;
				SDKROOT = iphoneos;
				SWIFT_ACTIVE_COMPILATION_CONDITIONS = "DEBUG $(inherited)";
				SWIFT_OPTIMIZATION_LEVEL = "-Onone";
			};
			name = Debug;
		};
		1A2B3C4D5E6F7G8H9I0J1K2G /* Release */ = {
			isa = XCBuildConfiguration;
			buildSettings = {
				ALWAYS_SEARCH_USER_PATHS = NO;
				ASSETCATALOG_COMPILER_GENERATE_SWIFT_ASSET_SYMBOL_EXTENSIONS = YES;
				CLANG_ANALYZER_NONNULL = YES;
				CLANG_ANALYZER_NUMBER_OBJECT_CONVERSION = YES_AGGRESSIVE;
				CLANG_CXX_LANGUAGE_STANDARD = "gnu++20";
				CLANG_ENABLE_MODULES = YES;
				CLANG_ENABLE_OBJC_ARC = YES;
				CLANG_ENABLE_OBJC_WEAK = YES;
				CLANG_WARN_BLOCK_CAPTURE_AUTORELEASING = YES;
				CLANG_WARN_BOOL_CONVERSION = YES;
				CLANG_WARN_COMMA = YES;
				CLANG_WARN_CONSTANT_CONVERSION = YES;
				CLANG_WARN_DEPRECATED_OBJC_IMPLEMENTATIONS = YES;
				CLANG_WARN_DIRECT_OBJC_ISA_USAGE = YES_ERROR;
				CLANG_WARN_DOCUMENTATION_COMMENTS = YES;
				CLANG_WARN_EMPTY_BODY = YES;
				CLANG_WARN_ENUM_CONVERSION = YES;
				CLANG_WARN_INFINITE_RECURSION = YES;
				CLANG_WARN_INT_CONVERSION = YES;
				CLANG_WARN_NON_LITERAL_NULL_CONVERSION = YES;
				CLANG_WARN_OBJC_IMPLICIT_RETAIN_SELF = YES;
				CLANG_WARN_OBJC_LITERAL_CONVERSION = YES;
				CLANG_WARN_OBJC_ROOT_CLASS = YES_ERROR;
				CLANG_WARN_QUOTED_INCLUDE_IN_FRAMEWORK_HEADER = YES;
				CLANG_WARN_RANGE_LOOP_ANALYSIS = YES;
				CLANG_WARN_STRICT_PROTOTYPES = YES;
				CLANG_WARN_SUSPICIOUS_MOVE = YES;
				CLANG_WARN_UNGUARDED_AVAILABILITY = YES_AGGRESSIVE;
				CLANG_WARN_UNREACHABLE_CODE = YES;
				CLANG_WARN__DUPLICATE_METHOD_MATCH = YES;
				COPY_PHASE_STRIP = NO;
				DEBUG_INFORMATION_FORMAT = "dwarf-with-dsym";
				ENABLE_NS_ASSERTIONS = NO;
				ENABLE_STRICT_OBJC_MSGSEND = YES;
				ENABLE_USER_SCRIPT_SANDBOXING = YES;
				GCC_C_LANGUAGE_STANDARD = gnu17;
				GCC_NO_COMMON_BLOCKS = YES;
				GCC_WARN_64_TO_32_BIT_CONVERSION = YES;
				GCC_WARN_ABOUT_RETURN_TYPE = YES_ERROR;
				GCC_WARN_UNDECLARED_SELECTOR = YES;
				GCC_WARN_UNINITIALIZED_AUTOS = YES_AGGRESSIVE;
				GCC_WARN_UNUSED_FUNCTION = YES;
				GCC_WARN_UNUSED_VARIABLE = YES;
				IPHONEOS_DEPLOYMENT_TARGET = 17.5;
				LOCALIZATION_PREFERS_STRING_CATALOGS = YES;
				MTL_ENABLE_DEBUG_INFO = NO;
				MTL_FAST_MATH = YES;
				SDKROOT = iphoneos;
				SWIFT_COMPILATION_MODE = wholemodule;
				VALIDATE_PRODUCT = YES;
			};
			name = Release;
		};
		1A2B3C4D5E6F7G8H9I0J1K2H /* Debug */ = {
			isa = XCBuildConfiguration;
			buildSettings = {
				ASSETCATALOG_COMPILER_APPICON_NAME = AppIcon;
				ASSETCATALOG_COMPILER_GLOBAL_ACCENT_COLOR_NAME = AccentColor;
				CODE_SIGN_STYLE = Automatic;
				CURRENT_PROJECT_VERSION = 1;
				DEVELOPMENT_ASSET_PATHS = "\"LottieLab/Preview Content\"";
				DEVELOPMENT_TEAM = MNP5VJUM99;
				ENABLE_PREVIEWS = YES;
				GENERATE_INFOPLIST_FILE = YES;
				INFOPLIST_KEY_CFBundleDisplayName = "Lottie Lab";
				INFOPLIST_KEY_UIApplicationSceneManifest_Generation = YES;
				INFOPLIST_KEY_UIApplicationSupportsIndirectInputEvents = YES;
				INFOPLIST_KEY_UILaunchScreen_Generation = YES;
				INFOPLIST_KEY_UISupportedInterfaceOrientations = "UIInterfaceOrientationPortrait UIInterfaceOrientationLandscapeLeft UIInterfaceOrientationLandscapeRight";
				INFOPLIST_KEY_UISupportedInterfaceOrientations_iPad = "UIInterfaceOrientationPortrait UIInterfaceOrientationPortraitUpsideDown UIInterfaceOrientationLandscapeLeft UIInterfaceOrientationLandscapeRight";
				LD_RUNPATH_SEARCH_PATHS = (
					"$(inherited)",
					"@executable_path/Frameworks",
				);
				MARKETING_VERSION = 1.0;
				PRODUCT_BUNDLE_IDENTIFIER = com.lottielab.app;
				PRODUCT_NAME = "$(TARGET_NAME)";
				SWIFT_EMIT_LOC_STRINGS = YES;
				SWIFT_VERSION = 5.0;
				TARGETED_DEVICE_FAMILY = "1,2";
			};
			name = Debug;
		};
		1A2B3C4D5E6F7G8H9I0J1K2I /* Release */ = {
			isa = XCBuildConfiguration;
			buildSettings = {
				ASSETCATALOG_COMPILER_APPICON_NAME = AppIcon;
				ASSETCATALOG_COMPILER_GLOBAL_ACCENT_COLOR_NAME = AccentColor;
				CODE_SIGN_STYLE = Automatic;
				CURRENT_PROJECT_VERSION = 1;
				DEVELOPMENT_ASSET_PATHS = "\"LottieLab/Preview Content\"";
				DEVELOPMENT_TEAM = MNP5VJUM99;
				ENABLE_PREVIEWS = YES;
				GENERATE_INFOPLIST_FILE = YES;
				INFOPLIST_KEY_CFBundleDisplayName = "Lottie Lab";
				INFOPLIST_KEY_UIApplicationSceneManifest_Generation = YES;
				INFOPLIST_KEY_UIApplicationSupportsIndirectInputEvents = YES;
				INFOPLIST_KEY_UILaunchScreen_Generation = YES;
				INFOPLIST_KEY_UISupportedInterfaceOrientations = "UIInterfaceOrientationPortrait UIInterfaceOrientationLandscapeLeft UIInterfaceOrientationLandscapeRight";
				INFOPLIST_KEY_UISupportedInterfaceOrientations_iPad = "UIInterfaceOrientationPortrait UIInterfaceOrientationPortraitUpsideDown UIInterfaceOrientationLandscapeLeft UIInterfaceOrientationLandscapeRight";
				LD_RUNPATH_SEARCH_PATHS = (
					"$(inherited)",
					"@executable_path/Frameworks",
				);
				MARKETING_VERSION = 1.0;
				PRODUCT_BUNDLE_IDENTIFIER = com.lottielab.app;
				PRODUCT_NAME = "$(TARGET_NAME)";
				SWIFT_EMIT_LOC_STRINGS = YES;
				SWIFT_VERSION = 5.0;
				TARGETED_DEVICE_FAMILY = "1,2";
			};
			name = Release;
		};
		2B3C4D5E6F7G8H9I0J1K2L0D /* Debug */ = {
			isa = XCBuildConfiguration;
			buildSettings = {
				BUNDLE_LOADER = "$(TEST_HOST)";
				CODE_SIGN_STYLE = Automatic;
				GENERATE_INFOPLIST_FILE = YES;
				IPHONEOS_DEPLOYMENT_TARGET = 17.5;
				PRODUCT_BUNDLE_IDENTIFIER = com.lottielab.app.tests;
				PRODUCT_NAME = "$(TARGET_NAME)";
				SUPPORTED_PLATFORMS = "iphoneos iphonesimulator";
				SWIFT_EMIT_LOC_STRINGS = NO;
				SWIFT_VERSION = 5.0;
				TARGETED_DEVICE_FAMILY = "1,2";
				TEST_HOST = "$(BUILT_PRODUCTS_DIR)/LottieLab.app/LottieLab";
			};
			name = Debug;
		};
		2B3C4D5E6F7G8H9I0J1K2L0E /* Release */ = {
			isa = XCBuildConfiguration;
			buildSettings = {
				BUNDLE_LOADER = "$(TEST_HOST)";
				CODE_SIGN_STYLE = Automatic;
				GENERATE_INFOPLIST_FILE = YES;
				IPHONEOS_DEPLOYMENT_TARGET = 17.5;
				PRODUCT_BUNDLE_IDENTIFIER = com.lottielab.app.tests;
				PRODUCT_NAME = "$(TARGET_NAME)";
				SUPPORTED_PLATFORMS = "iphoneos iphonesimulator";
				SWIFT_EMIT_LOC_STRINGS = NO;
				SWIFT_VERSION = 5.0;
				TARGETED_DEVICE_FAMILY = "1,2";
				TEST_HOST = "$(BUILT_PRODUCTS_DIR)/LottieLab.app/LottieLab";
			};
			name = Release;
		};
/* End XCBuildConfiguration section */

/* Begin XCConfigurationList section */
		1A2B3C4D5E6F7G8H9I0J1K25 /* Build configuration list for PBXProject "LottieLab" */ = {
			isa = XCConfigurationList;
			buildConfigurations = (
				1A2B3C4D5E6F7G8H9I0J1K2F /* Debug */,
				1A2B3C4D5E6F7G8H9I0J1K2G /* Release */,
			);
			defaultConfigurationIsVisible = 0;
			defaultConfigurationName = Release;
		};
		1A2B3C4D5E6F7G8H9I0J1K2E /* Build configuration list for PBXNativeTarget "LottieLab" */ = {
			isa = XCConfigurationList;
			buildConfigurations = (
				1A2B3C4D5E6F7G8H9I0J1K2H /* Debug */,
				1A2B3C4D5E6F7G8H9I0J1K2I /* Release */,
			);
			defaultConfigurationIsVisible = 0;
			defaultConfigurationName = Release;
		};
		2B3C4D5E6F7G8H9I0J1K2L0F /* Build configuration list for PBXNativeTarget "LottieLabTests" */ = {
			isa = XCConfigurationList;
			buildConfigurations = (
				2B3C4D5E6F7G8H9I0J1K2L0D /* Debug */,
				2B3C4D5E6F7G8H9I0J1K2L0E /* Release */,
			);
			defaultConfigurationIsVisible = 0;
			defaultConfigurationName = Release;
		};
/* End XCConfigurationList section */

/* Begin XCRemoteSwiftPackageReference section */
		1A2B3C4D5E6F7G8H9I0J1K33 /* XCRemoteSwiftPackageReference "lottie-ios" */ = {
			isa = XCRemoteSwiftPackageReference;
			repositoryURL = "https://github.com/airbnb/lottie-ios";
			requirement = {
				kind = upToNextMajorVersion;
				minimumVersion = 4.4.3;
			};
		};
/* End XCRemoteSwiftPackageReference section */

/* Begin XCSwiftPackageProductDependency section */
		1A2B3C4D5E6F7G8H9I0J1K30 /* Lottie */ = {
			isa = XCSwiftPackageProductDependency;
			package = 1A2B3C4D5E6F7G8H9I0J1K33 /* XCRemoteSwiftPackageReference "lottie-ios" */;
			productName = Lottie;
		};
/* End XCSwiftPackageProductDependency section */
	};
	rootObject = 1A2B3C4D5E6F7G8H9I0J1K22 /* Project object */;
}
